
Microsoft Visual Studio Solution File, Format Version 12.00
# Visual Studio Version 17
VisualStudioVersion = 17.7.34024.191
MinimumVisualStudioVersion = 10.0.40219.1
Project("{FAE04EC0-301F-11D3-BF4B-00C04F79EFBC}") = "1099-Soma_Impares_Consecutivos_II", "1099-Soma_Impares_Consecutivos_II.csproj", "{108A9345-37F5-40F2-91D9-F0F56EBE8E11}"
EndProject
Global
	GlobalSection(SolutionConfigurationPlatforms) = preSolution
		Debug|Any CPU = Debug|Any CPU
		Release|Any CPU = Release|Any CPU
	EndGlobalSection
	GlobalSection(ProjectConfigurationPlatforms) = postSolution
		{108A9345-37F5-40F2-91D9-F0F56EBE8E11}.Debug|Any CPU.ActiveCfg = Debug|Any CPU
		{108A9345-37F5-40F2-91D9-F0F56EBE8E11}.Debug|Any CPU.Build.0 = Debug|Any CPU
		{108A9345-37F5-40F2-91D9-F0F56EBE8E11}.Release|Any CPU.ActiveCfg = Release|Any CPU
		{108A9345-37F5-40F2-91D9-F0F56EBE8E11}.Release|Any CPU.Build.0 = Release|Any CPU
	EndGlobalSection
	GlobalSection(SolutionProperties) = preSolution
		HideSolutionNode = FALSE
	EndGlobalSection
	GlobalSection(ExtensibilityGlobals) = postSolution
		SolutionGuid = {8F9807A1-56E8-4310-BF0F-48D3EDF4E7FB}
	EndGlobalSection
EndGlobal
