
Microsoft Visual Studio Solution File, Format Version 12.00
# Visual Studio Version 17
VisualStudioVersion = 17.7.34024.191
MinimumVisualStudioVersion = 10.0.40219.1
Project("{FAE04EC0-301F-11D3-BF4B-00C04F79EFBC}") = "1118-Varias_Notas_com_Validacao", "1118-Varias_Notas_com_Validacao.csproj", "{DE26B54A-1FEA-48E5-9D8D-34D8C5CDE0E1}"
EndProject
Global
	GlobalSection(SolutionConfigurationPlatforms) = preSolution
		Debug|Any CPU = Debug|Any CPU
		Release|Any CPU = Release|Any CPU
	EndGlobalSection
	GlobalSection(ProjectConfigurationPlatforms) = postSolution
		{DE26B54A-1FEA-48E5-9D8D-34D8C5CDE0E1}.Debug|Any CPU.ActiveCfg = Debug|Any CPU
		{DE26B54A-1FEA-48E5-9D8D-34D8C5CDE0E1}.Debug|Any CPU.Build.0 = Debug|Any CPU
		{DE26B54A-1FEA-48E5-9D8D-34D8C5CDE0E1}.Release|Any CPU.ActiveCfg = Release|Any CPU
		{DE26B54A-1FEA-48E5-9D8D-34D8C5CDE0E1}.Release|Any CPU.Build.0 = Release|Any CPU
	EndGlobalSection
	GlobalSection(SolutionProperties) = preSolution
		HideSolutionNode = FALSE
	EndGlobalSection
	GlobalSection(ExtensibilityGlobals) = postSolution
		SolutionGuid = {A2E9D590-32DA-4D61-8CE3-AB59D40113A9}
	EndGlobalSection
EndGlobal
