
Microsoft Visual Studio Solution File, Format Version 12.00
# Visual Studio Version 17
VisualStudioVersion = 17.7.34024.191
MinimumVisualStudioVersion = 10.0.40219.1
Project("{FAE04EC0-301F-11D3-BF4B-00C04F79EFBC}") = "1002-Área_do_Círculo", "1002-Área_do_Círculo.csproj", "{D4A3D281-E9FD-4AEB-A7F1-77E40EC2043A}"
EndProject
Global
	GlobalSection(SolutionConfigurationPlatforms) = preSolution
		Debug|Any CPU = Debug|Any CPU
		Release|Any CPU = Release|Any CPU
	EndGlobalSection
	GlobalSection(ProjectConfigurationPlatforms) = postSolution
		{D4A3D281-E9FD-4AEB-A7F1-77E40EC2043A}.Debug|Any CPU.ActiveCfg = Debug|Any CPU
		{D4A3D281-E9FD-4AEB-A7F1-77E40EC2043A}.Debug|Any CPU.Build.0 = Debug|Any CPU
		{D4A3D281-E9FD-4AEB-A7F1-77E40EC2043A}.Release|Any CPU.ActiveCfg = Release|Any CPU
		{D4A3D281-E9FD-4AEB-A7F1-77E40EC2043A}.Release|Any CPU.Build.0 = Release|Any CPU
	EndGlobalSection
	GlobalSection(SolutionProperties) = preSolution
		HideSolutionNode = FALSE
	EndGlobalSection
	GlobalSection(ExtensibilityGlobals) = postSolution
		SolutionGuid = {72E83C63-F40D-46C8-9FB4-1CE294016521}
	EndGlobalSection
EndGlobal
