
Microsoft Visual Studio Solution File, Format Version 12.00
# Visual Studio Version 17
VisualStudioVersion = 17.7.34024.191
MinimumVisualStudioVersion = 10.0.40219.1
Project("{FAE04EC0-301F-11D3-BF4B-00C04F79EFBC}") = "1012-Area", "1012-Area.csproj", "{76EF36A0-B0EC-4203-AB1F-56DE459C9EB2}"
EndProject
Global
	GlobalSection(SolutionConfigurationPlatforms) = preSolution
		Debug|Any CPU = Debug|Any CPU
		Release|Any CPU = Release|Any CPU
	EndGlobalSection
	GlobalSection(ProjectConfigurationPlatforms) = postSolution
		{76EF36A0-B0EC-4203-AB1F-56DE459C9EB2}.Debug|Any CPU.ActiveCfg = Debug|Any CPU
		{76EF36A0-B0EC-4203-AB1F-56DE459C9EB2}.Debug|Any CPU.Build.0 = Debug|Any CPU
		{76EF36A0-B0EC-4203-AB1F-56DE459C9EB2}.Release|Any CPU.ActiveCfg = Release|Any CPU
		{76EF36A0-B0EC-4203-AB1F-56DE459C9EB2}.Release|Any CPU.Build.0 = Release|Any CPU
	EndGlobalSection
	GlobalSection(SolutionProperties) = preSolution
		HideSolutionNode = FALSE
	EndGlobalSection
	GlobalSection(ExtensibilityGlobals) = postSolution
		SolutionGuid = {F3BF4D72-7D33-4A2A-B3C1-2AF77DAEFF0E}
	EndGlobalSection
EndGlobal
