
Microsoft Visual Studio Solution File, Format Version 12.00
# Visual Studio Version 17
VisualStudioVersion = 17.7.34024.191
MinimumVisualStudioVersion = 10.0.40219.1
Project("{FAE04EC0-301F-11D3-BF4B-00C04F79EFBC}") = "1071-Soma_de_Impares_Consecutivos_I", "1071-Soma_de_Impares_Consecutivos_I.csproj", "{70932654-F686-47F9-88E7-1DC85DF2612A}"
EndProject
Global
	GlobalSection(SolutionConfigurationPlatforms) = preSolution
		Debug|Any CPU = Debug|Any CPU
		Release|Any CPU = Release|Any CPU
	EndGlobalSection
	GlobalSection(ProjectConfigurationPlatforms) = postSolution
		{70932654-F686-47F9-88E7-1DC85DF2612A}.Debug|Any CPU.ActiveCfg = Debug|Any CPU
		{70932654-F686-47F9-88E7-1DC85DF2612A}.Debug|Any CPU.Build.0 = Debug|Any CPU
		{70932654-F686-47F9-88E7-1DC85DF2612A}.Release|Any CPU.ActiveCfg = Release|Any CPU
		{70932654-F686-47F9-88E7-1DC85DF2612A}.Release|Any CPU.Build.0 = Release|Any CPU
	EndGlobalSection
	GlobalSection(SolutionProperties) = preSolution
		HideSolutionNode = FALSE
	EndGlobalSection
	GlobalSection(ExtensibilityGlobals) = postSolution
		SolutionGuid = {226E7B67-C862-4B11-91B4-9E13A0416AB3}
	EndGlobalSection
EndGlobal
